// !$*UTF8*$!
{
	archiveVersion = 1;
	classes = {
	};
	objectVersion = 46;
	objects = {

/* Begin PBXBuildFile section */
		E4781445175299550021686B /* CoreAudio.framework in Frameworks */ = {isa = PBXBuildFile; fileRef = E4781444175299550021686B /* CoreAudio.framework */; };
		E4781447175299880021686B /* AudioToolbox.framework in Frameworks */ = {isa = PBXBuildFile; fileRef = E4781446175299880021686B /* AudioToolbox.framework */; };
		E491D9331839504000B343BE /* MaxAPI.framework in Frameworks */ = {isa = PBXBuildFile; fileRef = E491D9321839504000B343BE /* MaxAPI.framework */; };
		E493D42618817DA2008E2434 /* fhnw.audiowalk.state.c in Sources */ = {isa = PBXBuildFile; fileRef = E493D42518817DA2008E2434 /* fhnw.audiowalk.state.c */; };
		E4D4BEC11297CE570094B850 /* CoreMIDI.framework in Frameworks */ = {isa = PBXBuildFile; fileRef = E4D4BEC01297CE570094B850 /* CoreMIDI.framework */; };
		E4D4BED71297CE8E0094B850 /* Carbon.framework in Frameworks */ = {isa = PBXBuildFile; fileRef = E4D4BED61297CE8E0094B850 /* Carbon.framework */; };
		E4D4BF951297CE960094B850 /* CoreServices.framework in Frameworks */ = {isa = PBXBuildFile; fileRef = E4D4BF941297CE960094B850 /* CoreServices.framework */; };
/* End PBXBuildFile section */

/* Begin PBXFileReference section */
		E462C2A814011BE600AD35F9 /* fhnw.audiowalk.state.mxo */ = {isa = PBXFileReference; explicitFileType = wrapper.cfbundle; includeInIndex = 0; path = fhnw.audiowalk.state.mxo; sourceTree = BUILT_PRODUCTS_DIR; };
		E4781444175299550021686B /* CoreAudio.framework */ = {isa = PBXFileReference; lastKnownFileType = wrapper.framework; name = CoreAudio.framework; path = ../../../../System/Library/Frameworks/CoreAudio.framework; sourceTree = "<group>"; };
		E4781446175299880021686B /* AudioToolbox.framework */ = {isa = PBXFileReference; lastKnownFileType = wrapper.framework; name = AudioToolbox.framework; path = ../../../../System/Library/Frameworks/AudioToolbox.framework; sourceTree = "<group>"; };
		E491D9321839504000B343BE /* MaxAPI.framework */ = {isa = PBXFileReference; lastKnownFileType = wrapper.framework; name = MaxAPI.framework; path = "../../max6-sdk/c74support/max-includes/MaxAPI.framework"; sourceTree = "<group>"; };
		E491D9341839504E00B343BE /* maxmspsdk.xcconfig */ = {isa = PBXFileReference; fileEncoding = 4; lastKnownFileType = text.xcconfig; name = maxmspsdk.xcconfig; path = "../../max6-sdk/examples/maxmspsdk.xcconfig"; sourceTree = "<group>"; };
		E493D42518817DA2008E2434 /* fhnw.audiowalk.state.c */ = {isa = PBXFileReference; fileEncoding = 4; lastKnownFileType = sourcecode.c.c; path = fhnw.audiowalk.state.c; sourceTree = "<group>"; };
		E4D4BEC01297CE570094B850 /* CoreMIDI.framework */ = {isa = PBXFileReference; lastKnownFileType = wrapper.framework; name = CoreMIDI.framework; path = /System/Library/Frameworks/CoreMIDI.framework; sourceTree = "<absolute>"; };
		E4D4BED61297CE8E0094B850 /* Carbon.framework */ = {isa = PBXFileReference; lastKnownFileType = wrapper.framework; name = Carbon.framework; path = /System/Library/Frameworks/Carbon.framework; sourceTree = "<absolute>"; };
		E4D4BF941297CE960094B850 /* CoreServices.framework */ = {isa = PBXFileReference; lastKnownFileType = wrapper.framework; name = CoreServices.framework; path = /System/Library/Frameworks/CoreServices.framework; sourceTree = "<absolute>"; };
/* End PBXFileReference section */

/* Begin PBXFrameworksBuildPhase section */
		2FBBEADC08F335360078DB84 /* Frameworks */ = {
			isa = PBXFrameworksBuildPhase;
			buildActionMask = 2147483647;
			files = (
				E4D4BEC11297CE570094B850 /* CoreMIDI.framework in Frameworks */,
				E4D4BED71297CE8E0094B850 /* Carbon.framework in Frameworks */,
				E491D9331839504000B343BE /* MaxAPI.framework in Frameworks */,
				E4D4BF951297CE960094B850 /* CoreServices.framework in Frameworks */,
				E4781445175299550021686B /* CoreAudio.framework in Frameworks */,
				E4781447175299880021686B /* AudioToolbox.framework in Frameworks */,
			);
			runOnlyForDeploymentPostprocessing = 0;
		};
/* End PBXFrameworksBuildPhase section */

/* Begin PBXGroup section */
		089C166AFE841209C02AAC07 /* iterator */ = {
			isa = PBXGroup;
			children = (
				E491D9341839504E00B343BE /* maxmspsdk.xcconfig */,
				08FB77ADFE841716C02AAC07 /* Source */,
				089C1671FE841209C02AAC07 /* External Frameworks and Libraries */,
				19C28FB4FE9D528D11CA2CBB /* Products */,
			);
			name = iterator;
			sourceTree = "<group>";
		};
		089C1671FE841209C02AAC07 /* External Frameworks and Libraries */ = {
			isa = PBXGroup;
			children = (
				E491D9321839504000B343BE /* MaxAPI.framework */,
				E4781446175299880021686B /* AudioToolbox.framework */,
				E4781444175299550021686B /* CoreAudio.framework */,
				E4D4BF941297CE960094B850 /* CoreServices.framework */,
				E4D4BED61297CE8E0094B850 /* Carbon.framework */,
				E4D4BEC01297CE570094B850 /* CoreMIDI.framework */,
			);
			name = "External Frameworks and Libraries";
			sourceTree = "<group>";
		};
		08FB77ADFE841716C02AAC07 /* Source */ = {
			isa = PBXGroup;
			children = (
				E493D42518817DA2008E2434 /* fhnw.audiowalk.state.c */,
			);
			name = Source;
			sourceTree = "<group>";
		};
		19C28FB4FE9D528D11CA2CBB /* Products */ = {
			isa = PBXGroup;
			children = (
				E462C2A814011BE600AD35F9 /* fhnw.audiowalk.state.mxo */,
			);
			name = Products;
			sourceTree = "<group>";
		};
/* End PBXGroup section */

/* Begin PBXHeadersBuildPhase section */
		2FBBEAD708F335360078DB84 /* Headers */ = {
			isa = PBXHeadersBuildPhase;
			buildActionMask = 2147483647;
			files = (
			);
			runOnlyForDeploymentPostprocessing = 0;
		};
/* End PBXHeadersBuildPhase section */

/* Begin PBXNativeTarget section */
		2FBBEAD608F335360078DB84 /* max-external */ = {
			isa = PBXNativeTarget;
			buildConfigurationList = 2FBBEAE008F335360078DB84 /* Build configuration list for PBXNativeTarget "max-external" */;
			buildPhases = (
				2FBBEAD708F335360078DB84 /* Headers */,
				2FBBEAD808F335360078DB84 /* Resources */,
				2FBBEADA08F335360078DB84 /* Sources */,
				2FBBEADC08F335360078DB84 /* Frameworks */,
				2FBBEADF08F335360078DB84 /* Rez */,
			);
			buildRules = (
			);
			dependencies = (
			);
			name = "max-external";
			productName = iterator;
			productReference = E462C2A814011BE600AD35F9 /* fhnw.audiowalk.state.mxo */;
			productType = "com.apple.product-type.bundle";
		};
/* End PBXNativeTarget section */

/* Begin PBXProject section */
		089C1669FE841209C02AAC07 /* Project object */ = {
			isa = PBXProject;
			attributes = {
				LastUpgradeCheck = 0500;
			};
			buildConfigurationList = 2FBBEACF08F335010078DB84 /* Build configuration list for PBXProject "fhnw.audiowalk.state" */;
			compatibilityVersion = "Xcode 3.2";
			developmentRegion = English;
			hasScannedForEncodings = 1;
			knownRegions = (
				English,
				Japanese,
				French,
				German,
			);
			mainGroup = 089C166AFE841209C02AAC07 /* iterator */;
			projectDirPath = "";
			projectRoot = "";
			targets = (
				2FBBEAD608F335360078DB84 /* max-external */,
			);
		};
/* End PBXProject section */

/* Begin PBXResourcesBuildPhase section */
		2FBBEAD808F335360078DB84 /* Resources */ = {
			isa = PBXResourcesBuildPhase;
			buildActionMask = 2147483647;
			files = (
			);
			runOnlyForDeploymentPostprocessing = 0;
		};
/* End PBXResourcesBuildPhase section */

/* Begin PBXRezBuildPhase section */
		2FBBEADF08F335360078DB84 /* Rez */ = {
			isa = PBXRezBuildPhase;
			buildActionMask = 2147483647;
			files = (
			);
			runOnlyForDeploymentPostprocessing = 0;
		};
/* End PBXRezBuildPhase section */

/* Begin PBXSourcesBuildPhase section */
		2FBBEADA08F335360078DB84 /* Sources */ = {
			isa = PBXSourcesBuildPhase;
			buildActionMask = 2147483647;
			files = (
				E493D42618817DA2008E2434 /* fhnw.audiowalk.state.c in Sources */,
			);
			runOnlyForDeploymentPostprocessing = 0;
		};
/* End PBXSourcesBuildPhase section */

/* Begin XCBuildConfiguration section */
		2FBBEAD008F335010078DB84 /* Development */ = {
			isa = XCBuildConfiguration;
			baseConfigurationReference = E491D9341839504E00B343BE /* maxmspsdk.xcconfig */;
			buildSettings = {
				OTHER_LDFLAGS = "";
			};
			name = Development;
		};
		2FBBEAD108F335010078DB84 /* Deployment */ = {
			isa = XCBuildConfiguration;
			baseConfigurationReference = E491D9341839504E00B343BE /* maxmspsdk.xcconfig */;
			buildSettings = {
				OTHER_LDFLAGS = "";
			};
			name = Deployment;
		};
		2FBBEAE108F335360078DB84 /* Development */ = {
			isa = XCBuildConfiguration;
			baseConfigurationReference = E491D9341839504E00B343BE /* maxmspsdk.xcconfig */;
			buildSettings = {
				COMBINE_HIDPI_IMAGES = YES;
				COPY_PHASE_STRIP = NO;
				DSTROOT = "/Applications/Max 6.1/packages/fhnw.audiowalk.state/externals";
				FRAMEWORK_SEARCH_PATHS = (
					"\"$(C74SUPPORT)/max-includes\"",
					"\"$(C74SUPPORT)/jit-includes\"",
					"\"$(C74SUPPORT)/msp-includes\"",
				);
				GCC_C_LANGUAGE_STANDARD = c99;
				GCC_OPTIMIZATION_LEVEL = 0;
				GCC_PREPROCESSOR_DEFINITIONS = NOTE_FULL;
				GCC_VERSION = com.apple.compilers.llvm.clang.1_0;
				HEADER_SEARCH_PATHS = (
					"\"$(C74SUPPORT)/max-includes\"",
					"\"$(C74SUPPORT)/jit-includes\"",
					"\"$(C74SUPPORT)/msp-includes\"",
				);
				INSTALL_PATH = /;
				LIBRARY_SEARCH_PATHS = "$(inherited)";
				OTHER_LDFLAGS = "$(C74_SYM_LINKER_FLAGS)";
				PRODUCT_NAME = fhnw.audiowalk.state;
				SYMROOT = "";
			};
			name = Development;
		};
		2FBBEAE208F335360078DB84 /* Deployment */ = {
			isa = XCBuildConfiguration;
			baseConfigurationReference = E491D9341839504E00B343BE /* maxmspsdk.xcconfig */;
			buildSettings = {
				COMBINE_HIDPI_IMAGES = YES;
				COPY_PHASE_STRIP = YES;
				DSTROOT = "/Applications/Max 6.1/packages/fhnw.audiowalk.state/externals";
				FRAMEWORK_SEARCH_PATHS = (
					"\"$(C74SUPPORT)/max-includes\"",
					"\"$(C74SUPPORT)/jit-includes\"",
					"\"$(C74SUPPORT)/msp-includes\"",
				);
				GCC_VERSION = com.apple.compilers.llvm.clang.1_0;
				HEADER_SEARCH_PATHS = (
					"\"$(C74SUPPORT)/max-includes\"",
					"\"$(C74SUPPORT)/jit-includes\"",
					"\"$(C74SUPPORT)/msp-includes\"",
				);
				INSTALL_PATH = /;
				LIBRARY_SEARCH_PATHS = "$(inherited)";
				OTHER_LDFLAGS = "$(C74_SYM_LINKER_FLAGS)";
				PRODUCT_NAME = fhnw.audiowalk.state;
				SYMROOT = "";
			};
			name = Deployment;
		};
/* End XCBuildConfiguration section */

/* Begin XCConfigurationList section */
		2FBBEACF08F335010078DB84 /* Build configuration list for PBXProject "fhnw.audiowalk.state" */ = {
			isa = XCConfigurationList;
			buildConfigurations = (
				2FBBEAD008F335010078DB84 /* Development */,
				2FBBEAD108F335010078DB84 /* Deployment */,
			);
			defaultConfigurationIsVisible = 0;
			defaultConfigurationName = Development;
		};
		2FBBEAE008F335360078DB84 /* Build configuration list for PBXNativeTarget "max-external" */ = {
			isa = XCConfigurationList;
			buildConfigurations = (
				2FBBEAE108F335360078DB84 /* Development */,
				2FBBEAE208F335360078DB84 /* Deployment */,
			);
			defaultConfigurationIsVisible = 0;
			defaultConfigurationName = Development;
		};
/* End XCConfigurationList section */
	};
	rootObject = 089C1669FE841209C02AAC07 /* Project object */;
}
